// !$*UTF8*$!
{
	archiveVersion = 1;
	classes = {
	};
	objectVersion = 46;
	objects = {

/* Begin PBXBuildFile section */
		4EF24EA01D7EECBC000EDEA1 /* AppDelegate.swift in Sources */ = {isa = PBXBuildFile; fileRef = 4EF24E9F1D7EECBC000EDEA1 /* AppDelegate.swift */; };
		4EF24EA21D7EECBC000EDEA1 /* ViewController.swift in Sources */ = {isa = PBXBuildFile; fileRef = 4EF24EA11D7EECBC000EDEA1 /* ViewController.swift */; };
		4EF24EA51D7EECBC000EDEA1 /* Main.storyboard in Resources */ = {isa = PBXBuildFile; fileRef = 4EF24EA31D7EECBC000EDEA1 /* Main.storyboard */; };
		4EF24EA71D7EECBD000EDEA1 /* Assets.xcassets in Resources */ = {isa = PBXBuildFile; fileRef = 4EF24EA61D7EECBD000EDEA1 /* Assets.xcassets */; };
		4EF24EAA1D7EECBD000EDEA1 /* LaunchScreen.storyboard in Resources */ = {isa = PBXBuildFile; fileRef = 4EF24EA81D7EECBD000EDEA1 /* LaunchScreen.storyboard */; };
/* End PBXBuildFile section */

/* Begin PBXFileReference section */
		4EF24E9C1D7EECBC000EDEA1 /* pokemon.app */ = {isa = PBXFileReference; explicitFileType = wrapper.application; includeInIndex = 0; path = pokemon.app; sourceTree = BUILT_PRODUCTS_DIR; };
		4EF24E9F1D7EECBC000EDEA1 /* AppDelegate.swift */ = {isa = PBXFileReference; lastKnownFileType = sourcecode.swift; path = AppDelegate.swift; sourceTree = "<group>"; };
		4EF24EA11D7EECBC000EDEA1 /* ViewController.swift */ = {isa = PBXFileReference; lastKnownFileType = sourcecode.swift; path = ViewController.swift; sourceTree = "<group>"; };
		4EF24EA41D7EECBC000EDEA1 /* Base */ = {isa = PBXFileReference; lastKnownFileType = file.storyboard; name = Base; path = Base.lproj/Main.storyboard; sourceTree = "<group>"; };
		4EF24EA61D7EECBD000EDEA1 /* Assets.xcassets */ = {isa = PBXFileReference; lastKnownFileType = folder.assetcatalog; path = Assets.xcassets; sourceTree = "<group>"; };
		4EF24EA91D7EECBD000EDEA1 /* Base */ = {isa = PBXFileReference; lastKnownFileType = file.storyboard; name = Base; path = Base.lproj/LaunchScreen.storyboard; sourceTree = "<group>"; };
		4EF24EAB1D7EECBD000EDEA1 /* Info.plist */ = {isa = PBXFileReference; lastKnownFileType = text.plist.xml; path = Info.plist; sourceTree = "<group>"; };
/* End PBXFileReference section */

/* Begin PBXFrameworksBuildPhase section */
		4EF24E991D7EECBC000EDEA1 /* Frameworks */ = {
			isa = PBXFrameworksBuildPhase;
			buildActionMask = 2147483647;
			files = (
			);
			runOnlyForDeploymentPostprocessing = 0;
		};
/* End PBXFrameworksBuildPhase section */

/* Begin PBXGroup section */
		4EF24E931D7EECBC000EDEA1 = {
			isa = PBXGroup;
			children = (
				4EF24E9E1D7EECBC000EDEA1 /* pokemon */,
				4EF24E9D1D7EECBC000EDEA1 /* Products */,
			);
			sourceTree = "<group>";
		};
		4EF24E9D1D7EECBC000EDEA1 /* Products */ = {
			isa = PBXGroup;
			children = (
				4EF24E9C1D7EECBC000EDEA1 /* pokemon.app */,
			);
			name = Products;
			sourceTree = "<group>";
		};
		4EF24E9E1D7EECBC000EDEA1 /* pokemon */ = {
			isa = PBXGroup;
			children = (
				4EF24E9F1D7EECBC000EDEA1 /* AppDelegate.swift */,
				4EF24EA11D7EECBC000EDEA1 /* ViewController.swift */,
				4EF24EA31D7EECBC000EDEA1 /* Main.storyboard */,
				4EF24EA61D7EECBD000EDEA1 /* Assets.xcassets */,
				4EF24EA81D7EECBD000EDEA1 /* LaunchScreen.storyboard */,
				4EF24EAB1D7EECBD000EDEA1 /* Info.plist */,
			);
			path = pokemon;
			sourceTree = "<group>";
		};
/* End PBXGroup section */

/* Begin PBXNativeTarget section */
		4EF24E9B1D7EECBC000EDEA1 /* pokemon */ = {
			isa = PBXNativeTarget;
			buildConfigurationList = 4EF24EAE1D7EECBD000EDEA1 /* Build configuration list for PBXNativeTarget "pokemon" */;
			buildPhases = (
				4EF24E981D7EECBC000EDEA1 /* Sources */,
				4EF24E991D7EECBC000EDEA1 /* Frameworks */,
				4EF24E9A1D7EECBC000EDEA1 /* Resources */,
			);
			buildRules = (
			);
			dependencies = (
			);
			name = pokemon;
			productName = pokemon;
			productReference = 4EF24E9C1D7EECBC000EDEA1 /* pokemon.app */;
			productType = "com.apple.product-type.application";
		};
/* End PBXNativeTarget section */

/* Begin PBXProject section */
		4EF24E941D7EECBC000EDEA1 /* Project object */ = {
			isa = PBXProject;
			attributes = {
				LastSwiftUpdateCheck = 0730;
				LastUpgradeCheck = 0730;
				ORGANIZATIONNAME = siamak;
				TargetAttributes = {
					4EF24E9B1D7EECBC000EDEA1 = {
						CreatedOnToolsVersion = 7.3;
					};
				};
			};
			buildConfigurationList = 4EF24E971D7EECBC000EDEA1 /* Build configuration list for PBXProject "pokemon" */;
			compatibilityVersion = "Xcode 3.2";
			developmentRegion = English;
			hasScannedForEncodings = 0;
			knownRegions = (
				en,
				Base,
			);
			mainGroup = 4EF24E931D7EECBC000EDEA1;
			productRefGroup = 4EF24E9D1D7EECBC000EDEA1 /* Products */;
			projectDirPath = "";
			projectRoot = "";
			targets = (
				4EF24E9B1D7EECBC000EDEA1 /* pokemon */,
			);
		};
/* End PBXProject section */

/* Begin PBXResourcesBuildPhase section */
		4EF24E9A1D7EECBC000EDEA1 /* Resources */ = {
			isa = PBXResourcesBuildPhase;
			buildActionMask = 2147483647;
			files = (
				4EF24EAA1D7EECBD000EDEA1 /* LaunchScreen.storyboard in Resources */,
				4EF24EA71D7EECBD000EDEA1 /* Assets.xcassets in Resources */,
				4EF24EA51D7EECBC000EDEA1 /* Main.storyboard in Resources */,
			);
			runOnlyForDeploymentPostprocessing = 0;
		};
/* End PBXResourcesBuildPhase section */

/* Begin PBXSourcesBuildPhase section */
		4EF24E981D7EECBC000EDEA1 /* Sources */ = {
			isa = PBXSourcesBuildPhase;
			buildActionMask = 2147483647;
			files = (
				4EF24EA21D7EECBC000EDEA1 /* ViewController.swift in Sources */,
				4EF24EA01D7EECBC000EDEA1 /* AppDelegate.swift in Sources */,
			);
			runOnlyForDeploymentPostprocessing = 0;
		};
/* End PBXSourcesBuildPhase section */

/* Begin PBXVariantGroup section */
		4EF24EA31D7EECBC000EDEA1 /* Main.storyboard */ = {
			isa = PBXVariantGroup;
			children = (
				4EF24EA41D7EECBC000EDEA1 /* Base */,
			);
			name = Main.storyboard;
			sourceTree = "<group>";
		};
		4EF24EA81D7EECBD000EDEA1 /* LaunchScreen.storyboard */ = {
			isa = PBXVariantGroup;
			children = (
				4EF24EA91D7EECBD000EDEA1 /* Base */,
			);
			name = LaunchScreen.storyboard;
			sourceTree = "<group>";
		};
/* End PBXVariantGroup section */

/* Begin XCBuildConfiguration section */
		4EF24EAC1D7EECBD000EDEA1 /* Debug */ = {
			isa = XCBuildConfiguration;
			buildSettings = {
				ALWAYS_SEARCH_USER_PATHS = NO;
				CLANG_ANALYZER_NONNULL = YES;
				CLANG_CXX_LANGUAGE_STANDARD = "gnu++0x";
				CLANG_CXX_LIBRARY = "libc++";
				CLANG_ENABLE_MODULES = YES;
				CLANG_ENABLE_OBJC_ARC = YES;
				CLANG_WARN_BOOL_CONVERSION = YES;
				CLANG_WARN_CONSTANT_CONVERSION = YES;
				CLANG_WARN_DIRECT_OBJC_ISA_USAGE = YES_ERROR;
				CLANG_WARN_EMPTY_BODY = YES;
				CLANG_WARN_ENUM_CONVERSION = YES;
				CLANG_WARN_INT_CONVERSION = YES;
				CLANG_WARN_OBJC_ROOT_CLASS = YES_ERROR;
				CLANG_WARN_UNREACHABLE_CODE = YES;
				CLANG_WARN__DUPLICATE_METHOD_MATCH = YES;
				"CODE_SIGN_IDENTITY[sdk=iphoneos*]" = "iPhone Developer";
				COPY_PHASE_STRIP = NO;
				DEBUG_INFORMATION_FORMAT = dwarf;
				ENABLE_STRICT_OBJC_MSGSEND = YES;
				ENABLE_TESTABILITY = YES;
				GCC_C_LANGUAGE_STANDARD = gnu99;
				GCC_DYNAMIC_NO_PIC = NO;
				GCC_NO_COMMON_BLOCKS = YES;
				GCC_OPTIMIZATION_LEVEL = 0;
				GCC_PREPROCESSOR_DEFINITIONS = (
					"DEBUG=1",
					"$(inherited)",
				);
				GCC_WARN_64_TO_32_BIT_CONVERSION = YES;
				GCC_WARN_ABOUT_RETURN_TYPE = YES_ERROR;
				GCC_WARN_UNDECLARED_SELECTOR = YES;
				GCC_WARN_UNINITIALIZED_AUTOS = YES_AGGRESSIVE;
				GCC_WARN_UNUSED_FUNCTION = YES;
				GCC_WARN_UNUSED_VARIABLE = YES;
				IPHONEOS_DEPLOYMENT_TARGET = 9.3;
				MTL_ENABLE_DEBUG_INFO = YES;
				ONLY_ACTIVE_ARCH = YES;
				SDKROOT = iphoneos;
				SWIFT_OPTIMIZATION_LEVEL = "-Onone";
				TARGETED_DEVICE_FAMILY = "1,2";
			};
			name = Debug;
		};
		4EF24EAD1D7EECBD000EDEA1 /* Release */ = {
			isa = XCBuildConfiguration;
			buildSettings = {
				ALWAYS_SEARCH_USER_PATHS = NO;
				CLANG_ANALYZER_NONNULL = YES;
				CLANG_CXX_LANGUAGE_STANDARD = "gnu++0x";
				CLANG_CXX_LIBRARY = "libc++";
				CLANG_ENABLE_MODULES = YES;
				CLANG_ENABLE_OBJC_ARC = YES;
				CLANG_WARN_BOOL_CONVERSION = YES;
				CLANG_WARN_CONSTANT_CONVERSION = YES;
				CLANG_WARN_DIRECT_OBJC_ISA_USAGE = YES_ERROR;
				CLANG_WARN_EMPTY_BODY = YES;
				CLANG_WARN_ENUM_CONVERSION = YES;
				CLANG_WARN_INT_CONVERSION = YES;
				CLANG_WARN_OBJC_ROOT_CLASS = YES_ERROR;
				CLANG_WARN_UNREACHABLE_CODE = YES;
				CLANG_WARN__DUPLICATE_METHOD_MATCH = YES;
				"CODE_SIGN_IDENTITY[sdk=iphoneos*]" = "iPhone Developer";
				COPY_PHASE_STRIP = NO;
				DEBUG_INFORMATION_FORMAT = "dwarf-with-dsym";
				ENABLE_NS_ASSERTIONS = NO;
				ENABLE_STRICT_OBJC_MSGSEND = YES;
				GCC_C_LANGUAGE_STANDARD = gnu99;
				GCC_NO_COMMON_BLOCKS = YES;
				GCC_WARN_64_TO_32_BIT_CONVERSION = YES;
				GCC_WARN_ABOUT_RETURN_TYPE = YES_ERROR;
				GCC_WARN_UNDECLARED_SELECTOR = YES;
				GCC_WARN_UNINITIALIZED_AUTOS = YES_AGGRESSIVE;
				GCC_WARN_UNUSED_FUNCTION = YES;
				GCC_WARN_UNUSED_VARIABLE = YES;
				IPHONEOS_DEPLOYMENT_TARGET = 9.3;
				MTL_ENABLE_DEBUG_INFO = NO;
				SDKROOT = iphoneos;
				TARGETED_DEVICE_FAMILY = "1,2";
				VALIDATE_PRODUCT = YES;
			};
			name = Release;
		};
		4EF24EAF1D7EECBD000EDEA1 /* Debug */ = {
			isa = XCBuildConfiguration;
			buildSettings = {
				ASSETCATALOG_COMPILER_APPICON_NAME = AppIcon;
				INFOPLIST_FILE = pokemon/Info.plist;
				LD_RUNPATH_SEARCH_PATHS = "$(inherited) @executable_path/Frameworks";
				PRODUCT_BUNDLE_IDENTIFIER = cyamac.pokemon;
				PRODUCT_NAME = "$(TARGET_NAME)";
			};
			name = Debug;
		};
		4EF24EB01D7EECBD000EDEA1 /* Release */ = {
			isa = XCBuildConfiguration;
			buildSettings = {
				ASSETCATALOG_COMPILER_APPICON_NAME = AppIcon;
				INFOPLIST_FILE = pokemon/Info.plist;
				LD_RUNPATH_SEARCH_PATHS = "$(inherited) @executable_path/Frameworks";
				PRODUCT_BUNDLE_IDENTIFIER = cyamac.pokemon;
				PRODUCT_NAME = "$(TARGET_NAME)";
			};
			name = Release;
		};
/* End XCBuildConfiguration section */

/* Begin XCConfigurationList section */
		4EF24E971D7EECBC000EDEA1 /* Build configuration list for PBXProject "pokemon" */ = {
			isa = XCConfigurationList;
			buildConfigurations = (
				4EF24EAC1D7EECBD000EDEA1 /* Debug */,
				4EF24EAD1D7EECBD000EDEA1 /* Release */,
			);
			defaultConfigurationIsVisible = 0;
			defaultConfigurationName = Release;
		};
		4EF24EAE1D7EECBD000EDEA1 /* Build configuration list for PBXNativeTarget "pokemon" */ = {
			isa = XCConfigurationList;
			buildConfigurations = (
				4EF24EAF1D7EECBD000EDEA1 /* Debug */,
				4EF24EB01D7EECBD000EDEA1 /* Release */,
			);
			defaultConfigurationIsVisible = 0;
		};
/* End XCConfigurationList section */
	};
	rootObject = 4EF24E941D7EECBC000EDEA1 /* Project object */;
}
